
Microsoft Visual Studio Solution File, Format Version 12.00
# Visual Studio Version 16
VisualStudioVersion = 16.0.30114.105
MinimumVisualStudioVersion = 10.0.40219.1
Project("{FAE04EC0-301F-11D3-BF4B-00C04F79EFBC}") = "API", "API\API.csproj", "{608B4D81-54F4-4C29-BE91-11A182992924}"
EndProject
Project("{FAE04EC0-301F-11D3-BF4B-00C04F79EFBC}") = "Application", "Application\Application.csproj", "{31BB1D82-4FEE-4711-96FA-6107B7C14FCE}"
EndProject
Project("{FAE04EC0-301F-11D3-BF4B-00C04F79EFBC}") = "Domain", "Domain\Domain.csproj", "{B40EFCB8-9D84-4BFA-807D-22EE082D8A86}"
EndProject
Project("{FAE04EC0-301F-11D3-BF4B-00C04F79EFBC}") = "Persistance", "Persistance\Persistance.csproj", "{AC518A7A-9092-48D3-BCDF-3FE8B1058090}"
EndProject
Global
	GlobalSection(SolutionConfigurationPlatforms) = preSolution
		Debug|Any CPU = Debug|Any CPU
		Release|Any CPU = Release|Any CPU
	EndGlobalSection
	GlobalSection(SolutionProperties) = preSolution
		HideSolutionNode = FALSE
	EndGlobalSection
	GlobalSection(ProjectConfigurationPlatforms) = postSolution
		{608B4D81-54F4-4C29-BE91-11A182992924}.Debug|Any CPU.ActiveCfg = Debug|Any CPU
		{608B4D81-54F4-4C29-BE91-11A182992924}.Debug|Any CPU.Build.0 = Debug|Any CPU
		{608B4D81-54F4-4C29-BE91-11A182992924}.Release|Any CPU.ActiveCfg = Release|Any CPU
		{608B4D81-54F4-4C29-BE91-11A182992924}.Release|Any CPU.Build.0 = Release|Any CPU
		{31BB1D82-4FEE-4711-96FA-6107B7C14FCE}.Debug|Any CPU.ActiveCfg = Debug|Any CPU
		{31BB1D82-4FEE-4711-96FA-6107B7C14FCE}.Debug|Any CPU.Build.0 = Debug|Any CPU
		{31BB1D82-4FEE-4711-96FA-6107B7C14FCE}.Release|Any CPU.ActiveCfg = Release|Any CPU
		{31BB1D82-4FEE-4711-96FA-6107B7C14FCE}.Release|Any CPU.Build.0 = Release|Any CPU
		{B40EFCB8-9D84-4BFA-807D-22EE082D8A86}.Debug|Any CPU.ActiveCfg = Debug|Any CPU
		{B40EFCB8-9D84-4BFA-807D-22EE082D8A86}.Debug|Any CPU.Build.0 = Debug|Any CPU
		{B40EFCB8-9D84-4BFA-807D-22EE082D8A86}.Release|Any CPU.ActiveCfg = Release|Any CPU
		{B40EFCB8-9D84-4BFA-807D-22EE082D8A86}.Release|Any CPU.Build.0 = Release|Any CPU
		{AC518A7A-9092-48D3-BCDF-3FE8B1058090}.Debug|Any CPU.ActiveCfg = Debug|Any CPU
		{AC518A7A-9092-48D3-BCDF-3FE8B1058090}.Debug|Any CPU.Build.0 = Debug|Any CPU
		{AC518A7A-9092-48D3-BCDF-3FE8B1058090}.Release|Any CPU.ActiveCfg = Release|Any CPU
		{AC518A7A-9092-48D3-BCDF-3FE8B1058090}.Release|Any CPU.Build.0 = Release|Any CPU
	EndGlobalSection
EndGlobal
